{
  "version": "3",
  "packages": {
    "specifiers": {
      "jsr:@std/cli@^1.0.2": "jsr:@std/cli@1.0.2",
      "jsr:@std/encoding@^1.0.1": "jsr:@std/encoding@1.0.1",
      "jsr:@std/fmt@^1.0.0": "jsr:@std/fmt@1.0.0",
      "jsr:@std/http@^1.0.0": "jsr:@std/http@1.0.0",
      "jsr:@std/media-types@^1.0.2": "jsr:@std/media-types@1.0.2",
      "jsr:@std/net@^1.0.0": "jsr:@std/net@1.0.0",
      "jsr:@std/path@^1.0.2": "jsr:@std/path@1.0.2",
      "jsr:@std/streams@^1.0.0": "jsr:@std/streams@1.0.0"
    },
    "jsr": {
      "@std/cli@1.0.2": {
        "integrity": "fc12cf1a16d0e6c073dce3f95c202e580c428047ed719007617460b98e57923d"
      },
      "@std/encoding@1.0.1": {
        "integrity": "5955c6c542ebb4ce6587c3b548dc71e07a6c27614f1976d1d3887b1196cf4e65"
      },
      "@std/fmt@1.0.0": {
        "integrity": "8a95c9fdbb61559418ccbc0f536080cf43341655e1444f9d375a66886ceaaa3d"
      },
      "@std/http@1.0.0": {
        "integrity": "001812606b471c2d64799f14e5677bd26bfd029c35046eba0bddac1a49109789",
        "dependencies": [
          "jsr:@std/cli@^1.0.2",
          "jsr:@std/encoding@^1.0.1",
          "jsr:@std/fmt@^1.0.0",
          "jsr:@std/media-types@^1.0.2",
          "jsr:@std/net@^1.0.0",
          "jsr:@std/path@^1.0.2",
          "jsr:@std/streams@^1.0.0"
        ]
      },
      "@std/media-types@1.0.2": {
        "integrity": "abb78dc8f7d88141cba8c4d60fc1e8b421e5c7b0d7c84f2f708bc666cad46784"
      },
      "@std/net@1.0.0": {
        "integrity": "31de7a45f074edee8296d77fde85fef53fed9baa6f3122a38d796af08ecb3fc9"
      },
      "@std/path@1.0.2": {
        "integrity": "a452174603f8c620bd278a380c596437a9eef50c891c64b85812f735245d9ec7"
      },
      "@std/streams@1.0.0": {
        "integrity": "350242b8fad9874ed45f3c42df3d132bd0a958f8a8bae9bbfa1ff039716aa6fb"
      }
    }
  },
  "remote": {},
  "workspace": {
    "dependencies": [
      "jsr:@std/http@^1.0.0"
    ]
  }
}
